// !$*UTF8*$!
{
	archiveVersion = 1;
	classes = {
	};
	objectVersion = 46;
	objects = {

/* Begin PBXBuildFile section */
		17AC13E0705CCB5966896031 /* Pods_Currencies.framework in Frameworks */ = {isa = PBXBuildFile; fileRef = B75F8F555C929358D1B169AE /* Pods_Currencies.framework */; };
		CD333A0D1DFDC8A20062C822 /* Service.swift in Sources */ = {isa = PBXBuildFile; fileRef = CD333A0C1DFDC8A20062C822 /* Service.swift */; };
		CD333A0F1DFDC8A90062C822 /* Config.swift in Sources */ = {isa = PBXBuildFile; fileRef = CD333A0E1DFDC8A90062C822 /* Config.swift */; };
		CD333A171DFE24830062C822 /* FlagKit.xcassets in Resources */ = {isa = PBXBuildFile; fileRef = CD333A161DFE24830062C822 /* FlagKit.xcassets */; };
		CDAC100F1DFD66D800E7C0A5 /* AppDelegate.swift in Sources */ = {isa = PBXBuildFile; fileRef = CDAC100E1DFD66D800E7C0A5 /* AppDelegate.swift */; };
		CDAC10121DFD66D800E7C0A5 /* Currencies.xcdatamodeld in Sources */ = {isa = PBXBuildFile; fileRef = CDAC10101DFD66D800E7C0A5 /* Currencies.xcdatamodeld */; };
		CDAC10141DFD66D800E7C0A5 /* MasterViewController.swift in Sources */ = {isa = PBXBuildFile; fileRef = CDAC10131DFD66D800E7C0A5 /* MasterViewController.swift */; };
		CDAC10161DFD66D800E7C0A5 /* DetailViewController.swift in Sources */ = {isa = PBXBuildFile; fileRef = CDAC10151DFD66D800E7C0A5 /* DetailViewController.swift */; };
		CDAC10191DFD66D800E7C0A5 /* Main.storyboard in Resources */ = {isa = PBXBuildFile; fileRef = CDAC10171DFD66D800E7C0A5 /* Main.storyboard */; };
		CDAC101B1DFD66D800E7C0A5 /* Assets.xcassets in Resources */ = {isa = PBXBuildFile; fileRef = CDAC101A1DFD66D800E7C0A5 /* Assets.xcassets */; };
		CDAC101E1DFD66D800E7C0A5 /* LaunchScreen.storyboard in Resources */ = {isa = PBXBuildFile; fileRef = CDAC101C1DFD66D800E7C0A5 /* LaunchScreen.storyboard */; };
/* End PBXBuildFile section */

/* Begin PBXFileReference section */
		04A1E52225F7FD62CC326F57 /* Pods-Currencies.release.xcconfig */ = {isa = PBXFileReference; includeInIndex = 1; lastKnownFileType = text.xcconfig; name = "Pods-Currencies.release.xcconfig"; path = "Pods/Target Support Files/Pods-Currencies/Pods-Currencies.release.xcconfig"; sourceTree = "<group>"; };
		8EBFC2480C51ED6B5F89CE00 /* Pods-Currencies.debug.xcconfig */ = {isa = PBXFileReference; includeInIndex = 1; lastKnownFileType = text.xcconfig; name = "Pods-Currencies.debug.xcconfig"; path = "Pods/Target Support Files/Pods-Currencies/Pods-Currencies.debug.xcconfig"; sourceTree = "<group>"; };
		B75F8F555C929358D1B169AE /* Pods_Currencies.framework */ = {isa = PBXFileReference; explicitFileType = wrapper.framework; includeInIndex = 0; path = Pods_Currencies.framework; sourceTree = BUILT_PRODUCTS_DIR; };
		CD333A0C1DFDC8A20062C822 /* Service.swift */ = {isa = PBXFileReference; fileEncoding = 4; lastKnownFileType = sourcecode.swift; path = Service.swift; sourceTree = "<group>"; };
		CD333A0E1DFDC8A90062C822 /* Config.swift */ = {isa = PBXFileReference; fileEncoding = 4; lastKnownFileType = sourcecode.swift; path = Config.swift; sourceTree = "<group>"; };
		CD333A161DFE24830062C822 /* FlagKit.xcassets */ = {isa = PBXFileReference; lastKnownFileType = folder.assetcatalog; name = FlagKit.xcassets; path = ../Pods/FlagKit/FlagKit.xcassets; sourceTree = "<group>"; };
		CDAC100B1DFD66D800E7C0A5 /* Currencies.app */ = {isa = PBXFileReference; explicitFileType = wrapper.application; includeInIndex = 0; path = Currencies.app; sourceTree = BUILT_PRODUCTS_DIR; };
		CDAC100E1DFD66D800E7C0A5 /* AppDelegate.swift */ = {isa = PBXFileReference; lastKnownFileType = sourcecode.swift; path = AppDelegate.swift; sourceTree = "<group>"; };
		CDAC10111DFD66D800E7C0A5 /* Currencies.xcdatamodel */ = {isa = PBXFileReference; lastKnownFileType = wrapper.xcdatamodel; path = Currencies.xcdatamodel; sourceTree = "<group>"; };
		CDAC10131DFD66D800E7C0A5 /* MasterViewController.swift */ = {isa = PBXFileReference; lastKnownFileType = sourcecode.swift; lineEnding = 0; path = MasterViewController.swift; sourceTree = "<group>"; xcLanguageSpecificationIdentifier = xcode.lang.swift; };
		CDAC10151DFD66D800E7C0A5 /* DetailViewController.swift */ = {isa = PBXFileReference; lastKnownFileType = sourcecode.swift; lineEnding = 0; path = DetailViewController.swift; sourceTree = "<group>"; xcLanguageSpecificationIdentifier = xcode.lang.swift; };
		CDAC10181DFD66D800E7C0A5 /* Base */ = {isa = PBXFileReference; lastKnownFileType = file.storyboard; name = Base; path = Base.lproj/Main.storyboard; sourceTree = "<group>"; };
		CDAC101A1DFD66D800E7C0A5 /* Assets.xcassets */ = {isa = PBXFileReference; lastKnownFileType = folder.assetcatalog; path = Assets.xcassets; sourceTree = "<group>"; };
		CDAC101D1DFD66D800E7C0A5 /* Base */ = {isa = PBXFileReference; lastKnownFileType = file.storyboard; name = Base; path = Base.lproj/LaunchScreen.storyboard; sourceTree = "<group>"; };
		CDAC101F1DFD66D800E7C0A5 /* Info.plist */ = {isa = PBXFileReference; lastKnownFileType = text.plist.xml; path = Info.plist; sourceTree = "<group>"; };
/* End PBXFileReference section */

/* Begin PBXFrameworksBuildPhase section */
		CDAC10081DFD66D700E7C0A5 /* Frameworks */ = {
			isa = PBXFrameworksBuildPhase;
			buildActionMask = 2147483647;
			files = (
				17AC13E0705CCB5966896031 /* Pods_Currencies.framework in Frameworks */,
			);
			runOnlyForDeploymentPostprocessing = 0;
		};
/* End PBXFrameworksBuildPhase section */

/* Begin PBXGroup section */
		25938A639681AE475F54E66E /* Pods */ = {
			isa = PBXGroup;
			children = (
				8EBFC2480C51ED6B5F89CE00 /* Pods-Currencies.debug.xcconfig */,
				04A1E52225F7FD62CC326F57 /* Pods-Currencies.release.xcconfig */,
			);
			name = Pods;
			sourceTree = "<group>";
		};
		5499EAFFBB278BB0857E25DE /* Frameworks */ = {
			isa = PBXGroup;
			children = (
				B75F8F555C929358D1B169AE /* Pods_Currencies.framework */,
			);
			name = Frameworks;
			sourceTree = "<group>";
		};
		CDAC10021DFD66D700E7C0A5 = {
			isa = PBXGroup;
			children = (
				CDAC100D1DFD66D800E7C0A5 /* Currencies */,
				CDAC100C1DFD66D800E7C0A5 /* Products */,
				25938A639681AE475F54E66E /* Pods */,
				5499EAFFBB278BB0857E25DE /* Frameworks */,
			);
			sourceTree = "<group>";
		};
		CDAC100C1DFD66D800E7C0A5 /* Products */ = {
			isa = PBXGroup;
			children = (
				CDAC100B1DFD66D800E7C0A5 /* Currencies.app */,
			);
			name = Products;
			sourceTree = "<group>";
		};
		CDAC100D1DFD66D800E7C0A5 /* Currencies */ = {
			isa = PBXGroup;
			children = (
				CD333A0E1DFDC8A90062C822 /* Config.swift */,
				CD333A0C1DFDC8A20062C822 /* Service.swift */,
				CDAC100E1DFD66D800E7C0A5 /* AppDelegate.swift */,
				CDAC10131DFD66D800E7C0A5 /* MasterViewController.swift */,
				CDAC10151DFD66D800E7C0A5 /* DetailViewController.swift */,
				CDAC10171DFD66D800E7C0A5 /* Main.storyboard */,
				CDAC101A1DFD66D800E7C0A5 /* Assets.xcassets */,
				CD333A161DFE24830062C822 /* FlagKit.xcassets */,
				CDAC101C1DFD66D800E7C0A5 /* LaunchScreen.storyboard */,
				CDAC101F1DFD66D800E7C0A5 /* Info.plist */,
				CDAC10101DFD66D800E7C0A5 /* Currencies.xcdatamodeld */,
			);
			path = Currencies;
			sourceTree = "<group>";
		};
/* End PBXGroup section */

/* Begin PBXNativeTarget section */
		CDAC100A1DFD66D700E7C0A5 /* Currencies */ = {
			isa = PBXNativeTarget;
			buildConfigurationList = CDAC10221DFD66D800E7C0A5 /* Build configuration list for PBXNativeTarget "Currencies" */;
			buildPhases = (
				0B6ED1D753194170104C3FD5 /* [CP] Check Pods Manifest.lock */,
				CDAC10071DFD66D700E7C0A5 /* Sources */,
				CDAC10081DFD66D700E7C0A5 /* Frameworks */,
				CDAC10091DFD66D700E7C0A5 /* Resources */,
				9FB8E278F0BE1C1D313383EA /* [CP] Embed Pods Frameworks */,
				B03FA63E1C0ABED4109A6F56 /* [CP] Copy Pods Resources */,
			);
			buildRules = (
			);
			dependencies = (
			);
			name = Currencies;
			productName = Currencies;
			productReference = CDAC100B1DFD66D800E7C0A5 /* Currencies.app */;
			productType = "com.apple.product-type.application";
		};
/* End PBXNativeTarget section */

/* Begin PBXProject section */
		CDAC10031DFD66D700E7C0A5 /* Project object */ = {
			isa = PBXProject;
			attributes = {
				LastSwiftUpdateCheck = 0810;
				LastUpgradeCheck = 0820;
				ORGANIZATIONNAME = "b-labs";
				TargetAttributes = {
					CDAC100A1DFD66D700E7C0A5 = {
						CreatedOnToolsVersion = 8.1;
						ProvisioningStyle = Automatic;
					};
				};
			};
			buildConfigurationList = CDAC10061DFD66D700E7C0A5 /* Build configuration list for PBXProject "Currencies" */;
			compatibilityVersion = "Xcode 3.2";
			developmentRegion = English;
			hasScannedForEncodings = 0;
			knownRegions = (
				en,
				Base,
			);
			mainGroup = CDAC10021DFD66D700E7C0A5;
			productRefGroup = CDAC100C1DFD66D800E7C0A5 /* Products */;
			projectDirPath = "";
			projectRoot = "";
			targets = (
				CDAC100A1DFD66D700E7C0A5 /* Currencies */,
			);
		};
/* End PBXProject section */

/* Begin PBXResourcesBuildPhase section */
		CDAC10091DFD66D700E7C0A5 /* Resources */ = {
			isa = PBXResourcesBuildPhase;
			buildActionMask = 2147483647;
			files = (
				CDAC101E1DFD66D800E7C0A5 /* LaunchScreen.storyboard in Resources */,
				CDAC101B1DFD66D800E7C0A5 /* Assets.xcassets in Resources */,
				CD333A171DFE24830062C822 /* FlagKit.xcassets in Resources */,
				CDAC10191DFD66D800E7C0A5 /* Main.storyboard in Resources */,
			);
			runOnlyForDeploymentPostprocessing = 0;
		};
/* End PBXResourcesBuildPhase section */

/* Begin PBXShellScriptBuildPhase section */
		0B6ED1D753194170104C3FD5 /* [CP] Check Pods Manifest.lock */ = {
			isa = PBXShellScriptBuildPhase;
			buildActionMask = 2147483647;
			files = (
			);
			inputPaths = (
				"${PODS_PODFILE_DIR_PATH}/Podfile.lock",
				"${PODS_ROOT}/Manifest.lock",
			);
			name = "[CP] Check Pods Manifest.lock";
			outputPaths = (
				"$(DERIVED_FILE_DIR)/Pods-Currencies-checkManifestLockResult.txt",
			);
			runOnlyForDeploymentPostprocessing = 0;
			shellPath = /bin/sh;
			shellScript = "diff \"${PODS_PODFILE_DIR_PATH}/Podfile.lock\" \"${PODS_ROOT}/Manifest.lock\" > /dev/null\nif [ $? != 0 ] ; then\n    # print error to STDERR\n    echo \"error: The sandbox is not in sync with the Podfile.lock. Run 'pod install' or update your CocoaPods installation.\" >&2\n    exit 1\nfi\n# This output is used by Xcode 'outputs' to avoid re-running this script phase.\necho \"SUCCESS\" > \"${SCRIPT_OUTPUT_FILE_0}\"\n";
			showEnvVarsInLog = 0;
		};
		9FB8E278F0BE1C1D313383EA /* [CP] Embed Pods Frameworks */ = {
			isa = PBXShellScriptBuildPhase;
			buildActionMask = 2147483647;
			files = (
			);
			inputPaths = (
				"${SRCROOT}/Pods/Target Support Files/Pods-Currencies/Pods-Currencies-frameworks.sh",
				"${BUILT_PRODUCTS_DIR}/Alamofire/Alamofire.framework",
				"${BUILT_PRODUCTS_DIR}/FlagKit/FlagKit.framework",
				"${BUILT_PRODUCTS_DIR}/PromiseKit/PromiseKit.framework",
			);
			name = "[CP] Embed Pods Frameworks";
			outputPaths = (
				"${TARGET_BUILD_DIR}/${FRAMEWORKS_FOLDER_PATH}/Alamofire.framework",
				"${TARGET_BUILD_DIR}/${FRAMEWORKS_FOLDER_PATH}/FlagKit.framework",
				"${TARGET_BUILD_DIR}/${FRAMEWORKS_FOLDER_PATH}/PromiseKit.framework",
			);
			runOnlyForDeploymentPostprocessing = 0;
			shellPath = /bin/sh;
			shellScript = "\"${SRCROOT}/Pods/Target Support Files/Pods-Currencies/Pods-Currencies-frameworks.sh\"\n";
			showEnvVarsInLog = 0;
		};
		B03FA63E1C0ABED4109A6F56 /* [CP] Copy Pods Resources */ = {
			isa = PBXShellScriptBuildPhase;
			buildActionMask = 2147483647;
			files = (
			);
			inputPaths = (
			);
			name = "[CP] Copy Pods Resources";
			outputPaths = (
			);
			runOnlyForDeploymentPostprocessing = 0;
			shellPath = /bin/sh;
			shellScript = "\"${SRCROOT}/Pods/Target Support Files/Pods-Currencies/Pods-Currencies-resources.sh\"\n";
			showEnvVarsInLog = 0;
		};
/* End PBXShellScriptBuildPhase section */

/* Begin PBXSourcesBuildPhase section */
		CDAC10071DFD66D700E7C0A5 /* Sources */ = {
			isa = PBXSourcesBuildPhase;
			buildActionMask = 2147483647;
			files = (
				CDAC10121DFD66D800E7C0A5 /* Currencies.xcdatamodeld in Sources */,
				CDAC100F1DFD66D800E7C0A5 /* AppDelegate.swift in Sources */,
				CD333A0D1DFDC8A20062C822 /* Service.swift in Sources */,
				CDAC10141DFD66D800E7C0A5 /* MasterViewController.swift in Sources */,
				CDAC10161DFD66D800E7C0A5 /* DetailViewController.swift in Sources */,
				CD333A0F1DFDC8A90062C822 /* Config.swift in Sources */,
			);
			runOnlyForDeploymentPostprocessing = 0;
		};
/* End PBXSourcesBuildPhase section */

/* Begin PBXVariantGroup section */
		CDAC10171DFD66D800E7C0A5 /* Main.storyboard */ = {
			isa = PBXVariantGroup;
			children = (
				CDAC10181DFD66D800E7C0A5 /* Base */,
			);
			name = Main.storyboard;
			sourceTree = "<group>";
		};
		CDAC101C1DFD66D800E7C0A5 /* LaunchScreen.storyboard */ = {
			isa = PBXVariantGroup;
			children = (
				CDAC101D1DFD66D800E7C0A5 /* Base */,
			);
			name = LaunchScreen.storyboard;
			sourceTree = "<group>";
		};
/* End PBXVariantGroup section */

/* Begin XCBuildConfiguration section */
		CDAC10201DFD66D800E7C0A5 /* Debug */ = {
			isa = XCBuildConfiguration;
			buildSettings = {
				ALWAYS_SEARCH_USER_PATHS = NO;
				CLANG_ANALYZER_NONNULL = YES;
				CLANG_CXX_LANGUAGE_STANDARD = "gnu++0x";
				CLANG_CXX_LIBRARY = "libc++";
				CLANG_ENABLE_MODULES = YES;
				CLANG_ENABLE_OBJC_ARC = YES;
				CLANG_WARN_BOOL_CONVERSION = YES;
				CLANG_WARN_CONSTANT_CONVERSION = YES;
				CLANG_WARN_DIRECT_OBJC_ISA_USAGE = YES_ERROR;
				CLANG_WARN_DOCUMENTATION_COMMENTS = YES;
				CLANG_WARN_EMPTY_BODY = YES;
				CLANG_WARN_ENUM_CONVERSION = YES;
				CLANG_WARN_INFINITE_RECURSION = YES;
				CLANG_WARN_INT_CONVERSION = YES;
				CLANG_WARN_OBJC_ROOT_CLASS = YES_ERROR;
				CLANG_WARN_SUSPICIOUS_MOVE = YES;
				CLANG_WARN_SUSPICIOUS_MOVES = YES;
				CLANG_WARN_UNREACHABLE_CODE = YES;
				CLANG_WARN__DUPLICATE_METHOD_MATCH = YES;
				"CODE_SIGN_IDENTITY[sdk=iphoneos*]" = "iPhone Developer";
				COPY_PHASE_STRIP = NO;
				DEBUG_INFORMATION_FORMAT = dwarf;
				ENABLE_STRICT_OBJC_MSGSEND = YES;
				ENABLE_TESTABILITY = YES;
				GCC_C_LANGUAGE_STANDARD = gnu99;
				GCC_DYNAMIC_NO_PIC = NO;
				GCC_NO_COMMON_BLOCKS = YES;
				GCC_OPTIMIZATION_LEVEL = 0;
				GCC_PREPROCESSOR_DEFINITIONS = (
					"DEBUG=1",
					"$(inherited)",
				);
				GCC_WARN_64_TO_32_BIT_CONVERSION = YES;
				GCC_WARN_ABOUT_RETURN_TYPE = YES_ERROR;
				GCC_WARN_UNDECLARED_SELECTOR = YES;
				GCC_WARN_UNINITIALIZED_AUTOS = YES_AGGRESSIVE;
				GCC_WARN_UNUSED_FUNCTION = YES;
				GCC_WARN_UNUSED_VARIABLE = YES;
				IPHONEOS_DEPLOYMENT_TARGET = 10.1;
				MTL_ENABLE_DEBUG_INFO = YES;
				ONLY_ACTIVE_ARCH = YES;
				SDKROOT = iphoneos;
				SWIFT_ACTIVE_COMPILATION_CONDITIONS = DEBUG;
				SWIFT_OPTIMIZATION_LEVEL = "-Onone";
			};
			name = Debug;
		};
		CDAC10211DFD66D800E7C0A5 /* Release */ = {
			isa = XCBuildConfiguration;
			buildSettings = {
				ALWAYS_SEARCH_USER_PATHS = NO;
				CLANG_ANALYZER_NONNULL = YES;
				CLANG_CXX_LANGUAGE_STANDARD = "gnu++0x";
				CLANG_CXX_LIBRARY = "libc++";
				CLANG_ENABLE_MODULES = YES;
				CLANG_ENABLE_OBJC_ARC = YES;
				CLANG_WARN_BOOL_CONVERSION = YES;
				CLANG_WARN_CONSTANT_CONVERSION = YES;
				CLANG_WARN_DIRECT_OBJC_ISA_USAGE = YES_ERROR;
				CLANG_WARN_DOCUMENTATION_COMMENTS = YES;
				CLANG_WARN_EMPTY_BODY = YES;
				CLANG_WARN_ENUM_CONVERSION = YES;
				CLANG_WARN_INFINITE_RECURSION = YES;
				CLANG_WARN_INT_CONVERSION = YES;
				CLANG_WARN_OBJC_ROOT_CLASS = YES_ERROR;
				CLANG_WARN_SUSPICIOUS_MOVE = YES;
				CLANG_WARN_SUSPICIOUS_MOVES = YES;
				CLANG_WARN_UNREACHABLE_CODE = YES;
				CLANG_WARN__DUPLICATE_METHOD_MATCH = YES;
				"CODE_SIGN_IDENTITY[sdk=iphoneos*]" = "iPhone Developer";
				COPY_PHASE_STRIP = NO;
				DEBUG_INFORMATION_FORMAT = "dwarf-with-dsym";
				ENABLE_NS_ASSERTIONS = NO;
				ENABLE_STRICT_OBJC_MSGSEND = YES;
				GCC_C_LANGUAGE_STANDARD = gnu99;
				GCC_NO_COMMON_BLOCKS = YES;
				GCC_WARN_64_TO_32_BIT_CONVERSION = YES;
				GCC_WARN_ABOUT_RETURN_TYPE = YES_ERROR;
				GCC_WARN_UNDECLARED_SELECTOR = YES;
				GCC_WARN_UNINITIALIZED_AUTOS = YES_AGGRESSIVE;
				GCC_WARN_UNUSED_FUNCTION = YES;
				GCC_WARN_UNUSED_VARIABLE = YES;
				IPHONEOS_DEPLOYMENT_TARGET = 10.1;
				MTL_ENABLE_DEBUG_INFO = NO;
				SDKROOT = iphoneos;
				SWIFT_OPTIMIZATION_LEVEL = "-Owholemodule";
				VALIDATE_PRODUCT = YES;
			};
			name = Release;
		};
		CDAC10231DFD66D800E7C0A5 /* Debug */ = {
			isa = XCBuildConfiguration;
			baseConfigurationReference = 8EBFC2480C51ED6B5F89CE00 /* Pods-Currencies.debug.xcconfig */;
			buildSettings = {
				ALWAYS_EMBED_SWIFT_STANDARD_LIBRARIES = YES;
				ASSETCATALOG_COMPILER_APPICON_NAME = AppIcon;
				DEVELOPMENT_TEAM = "";
				INFOPLIST_FILE = Currencies/Info.plist;
				LD_RUNPATH_SEARCH_PATHS = "$(inherited) @executable_path/Frameworks";
				PRODUCT_BUNDLE_IDENTIFIER = "ch.b-labs.Currencies";
				PRODUCT_NAME = "$(TARGET_NAME)";
				SWIFT_VERSION = 3.0;
			};
			name = Debug;
		};
		CDAC10241DFD66D800E7C0A5 /* Release */ = {
			isa = XCBuildConfiguration;
			baseConfigurationReference = 04A1E52225F7FD62CC326F57 /* Pods-Currencies.release.xcconfig */;
			buildSettings = {
				ALWAYS_EMBED_SWIFT_STANDARD_LIBRARIES = YES;
				ASSETCATALOG_COMPILER_APPICON_NAME = AppIcon;
				DEVELOPMENT_TEAM = "";
				INFOPLIST_FILE = Currencies/Info.plist;
				LD_RUNPATH_SEARCH_PATHS = "$(inherited) @executable_path/Frameworks";
				PRODUCT_BUNDLE_IDENTIFIER = "ch.b-labs.Currencies";
				PRODUCT_NAME = "$(TARGET_NAME)";
				SWIFT_VERSION = 3.0;
			};
			name = Release;
		};
/* End XCBuildConfiguration section */

/* Begin XCConfigurationList section */
		CDAC10061DFD66D700E7C0A5 /* Build configuration list for PBXProject "Currencies" */ = {
			isa = XCConfigurationList;
			buildConfigurations = (
				CDAC10201DFD66D800E7C0A5 /* Debug */,
				CDAC10211DFD66D800E7C0A5 /* Release */,
			);
			defaultConfigurationIsVisible = 0;
			defaultConfigurationName = Release;
		};
		CDAC10221DFD66D800E7C0A5 /* Build configuration list for PBXNativeTarget "Currencies" */ = {
			isa = XCConfigurationList;
			buildConfigurations = (
				CDAC10231DFD66D800E7C0A5 /* Debug */,
				CDAC10241DFD66D800E7C0A5 /* Release */,
			);
			defaultConfigurationIsVisible = 0;
			defaultConfigurationName = Release;
		};
/* End XCConfigurationList section */

/* Begin XCVersionGroup section */
		CDAC10101DFD66D800E7C0A5 /* Currencies.xcdatamodeld */ = {
			isa = XCVersionGroup;
			children = (
				CDAC10111DFD66D800E7C0A5 /* Currencies.xcdatamodel */,
			);
			currentVersion = CDAC10111DFD66D800E7C0A5 /* Currencies.xcdatamodel */;
			path = Currencies.xcdatamodeld;
			sourceTree = "<group>";
			versionGroupType = wrapper.xcdatamodel;
		};
/* End XCVersionGroup section */
	};
	rootObject = CDAC10031DFD66D700E7C0A5 /* Project object */;
}
